PackratFormat: 1.4
PackratVersion: 0.4.9
RVersion: 3.4.3
Repos: CRAN=https://cran.microsoft.com/snapshot/2017-06-11

Package: BH
Source: CRAN
Version: 1.62.0-1
Hash: 14dfb3e8ffe20996118306ff4de1fab2

Package: R6
Source: CRAN
Version: 2.2.1
Hash: 530f0b839551f96ec991ce4f93156ee1

Package: Rcpp
Source: CRAN
Version: 0.12.11
Hash: 2ee22f3b5e75dec80b1d8eca61cd96d8

Package: assertthat
Source: CRAN
Version: 0.2.0
Hash: e8805df54c65ac96d50235c44a82615c

Package: bindr
Source: CRAN
Version: 0.1
Hash: e3a02070cf705d3ad1c5af1635a515a3

Package: bindrcpp
Source: CRAN
Version: 0.1
Hash: 11b0937a09c0eae22da142702c7cf1e9
Requires: Rcpp, bindr, plogr

Package: dplyr
Source: CRAN
Version: 0.7.0
Hash: cc5586f018f942d4c85f3be9b112563d
Requires: BH, R6, Rcpp, assertthat, bindrcpp, glue, magrittr,
    pkgconfig, plogr, rlang, tibble

Package: glue
Source: CRAN
Version: 1.0.0
Hash: 01c203c66517dfdca4bd50b812b109d1

Package: magrittr
Source: CRAN
Version: 1.5
Hash: bdc4d48c3135e8f3b399536ddf160df4

Package: packrat
Source: CRAN
Version: 0.4.9
Hash: 8259e557d49b2cb5c6806445da137f76

Package: pkgconfig
Source: CRAN
Version: 2.0.1
Hash: 0dda4a2654a22b36a715c2b0b6fbacac

Package: plogr
Source: CRAN
Version: 0.1-1
Hash: fb19215402e2d9f1c7f803dcaa806fc2

Package: rlang
Source: CRAN
Version: 0.1.1
Hash: 86c53487ce7f82f0a7cc11c816060910

Package: tibble
Source: CRAN
Version: 1.3.3
Hash: cff4362530fb71e27b84a02054bcb315
Requires: Rcpp, rlang
