PackratFormat: 1.4
PackratVersion: 0.4.8.1
RVersion: 3.4.3
Repos: CRAN=https://cran.microsoft.com/snapshot/2017-06-24

Package: BH
Source: CRAN
Version: 1.62.0-1
Hash: 14dfb3e8ffe20996118306ff4de1fab2

Package: R6
Source: CRAN
Version: 2.2.2
Hash: b2366cd9d2f3851a5704b4e192b985c2

Package: Rcpp
Source: CRAN
Version: 0.12.11
Hash: 2ee22f3b5e75dec80b1d8eca61cd96d8

Package: assertthat
Source: CRAN
Version: 0.2.0
Hash: e8805df54c65ac96d50235c44a82615c

Package: backports
Source: CRAN
Version: 1.1.0
Hash: 3f754426ca2b7dbbf63951fe5075373b

Package: bindr
Source: CRAN
Version: 0.1
Hash: e3a02070cf705d3ad1c5af1635a515a3

Package: bindrcpp
Source: CRAN
Version: 0.2
Hash: f5f300f6180e097c7ce174ef3c6307a6
Requires: Rcpp, bindr, plogr

Package: brew
Source: CRAN
Version: 1.0-6
Hash: 931f9972deae0f205e1c78a51f33149b

Package: commonmark
Source: CRAN
Version: 1.2
Hash: 1290583b9d16fb60322126a8698fb729

Package: crayon
Source: CRAN
Version: 1.3.2
Hash: 576a9d297a567d6a5ebd164ca5221590

Package: curl
Source: CRAN
Version: 2.6
Hash: 8162b82ca4809c0d63c30aedbd7348e0

Package: desc
Source: CRAN
Version: 1.1.0
Hash: 346d3477f87b89692dd1379eaed1a1be
Requires: R6, assertthat, crayon, rprojroot

Package: devtools
Source: CRAN
Version: 1.13.2
Hash: 1bcfefa7d2fad3f1a2f5367c9ceccd46
Requires: digest, git2r, httr, jsonlite, memoise, rstudioapi, whisker,
    withr

Package: digest
Source: CRAN
Version: 0.6.12
Hash: e53fb8c58673df868183697e39a6a4d6

Package: dplyr
Source: CRAN
Version: 0.7.1
Hash: 160bc6cc8d861967782cd3fa86287615
Requires: BH, R6, Rcpp, assertthat, bindrcpp, glue, magrittr,
    pkgconfig, plogr, rlang, tibble

Package: git2r
Source: CRAN
Version: 0.18.0
Hash: 9dfaafbcca68be29b89ef7783dc1dac0

Package: glue
Source: CRAN
Version: 1.1.1
Hash: dfd5a27768175ae51d08dc6beba1ef11

Package: httr
Source: CRAN
Version: 1.2.1
Hash: 7de1f8f760441881804af7c1ff324340
Requires: R6, curl, jsonlite, mime, openssl

Package: jsonlite
Source: CRAN
Version: 1.5
Hash: 9c51936d8dd00b2f1d4fe9d10499694c

Package: magrittr
Source: CRAN
Version: 1.5
Hash: bdc4d48c3135e8f3b399536ddf160df4

Package: memoise
Source: CRAN
Version: 1.1.0
Hash: 410fcd334bc626db100237cc1370f2e9
Requires: digest

Package: mime
Source: CRAN
Version: 0.5
Hash: 463550cf44fb6f0a2359368f42eebe62

Package: openssl
Source: CRAN
Version: 0.9.6
Hash: 5f4711e142a44655dfea4d64fcf2f641

Package: packrat
Source: CRAN
Version: 0.4.8-1
Hash: 6ad605ba7b4b476d84be6632393f5765

Package: pkgconfig
Source: CRAN
Version: 2.0.1
Hash: 0dda4a2654a22b36a715c2b0b6fbacac

Package: plogr
Source: CRAN
Version: 0.1-1
Hash: fb19215402e2d9f1c7f803dcaa806fc2

Package: praise
Source: CRAN
Version: 1.0.0
Hash: 77da8f1df873a4b91e5c4a68fe2fb1b6

Package: rlang
Source: CRAN
Version: 0.1.1
Hash: 86c53487ce7f82f0a7cc11c816060910

Package: roxygen2
Source: CRAN
Version: 6.0.1
Hash: 5ec390c33d6b969ceea50bf7456456f8
Requires: R6, Rcpp, brew, commonmark, desc, digest, stringi, stringr,
    xml2

Package: rprojroot
Source: CRAN
Version: 1.2
Hash: fdcac51a7f47decd60556ceefc3c26b1
Requires: backports

Package: rstudioapi
Source: CRAN
Version: 0.6
Hash: fd256f8bfb9a64cc35f98b0decb1a79f

Package: stringi
Source: CRAN
Version: 1.1.5
Hash: b6308e49357a0b475f433599e0d8b5eb

Package: stringr
Source: CRAN
Version: 1.2.0
Hash: 25a86d7f410513ebb7c0bc6a5e16bdc3
Requires: magrittr, stringi

Package: testthat
Source: CRAN
Version: 1.0.2
Hash: 88d5291104227f9dc2e7c7c1d0eb6c74
Requires: R6, crayon, digest, magrittr, praise

Package: tibble
Source: CRAN
Version: 1.3.3
Hash: cff4362530fb71e27b84a02054bcb315
Requires: Rcpp, rlang

Package: whisker
Source: CRAN
Version: 0.3-2
Hash: 803d662762e532705c2c066a82d066e7

Package: withr
Source: CRAN
Version: 1.0.2
Hash: 774eb7be9087cdc24b53b74e5359cfac

Package: xml2
Source: CRAN
Version: 1.1.1
Hash: 35dbee121bb8d76347677290ba1c6a06
Requires: BH, Rcpp
